
Microsoft Visual Studio Solution File, Format Version 12.00
# Visual Studio 15
VisualStudioVersion = 15.0.28307.136
MinimumVisualStudioVersion = 10.0.40219.1
Project("{FAE04EC0-301F-11D3-BF4B-00C04F79EFBC}") = "MichałKalinaLab6", "MichałKalinaLab6\MichałKalinaLab6.csproj", "{AB78ABA9-A59D-449C-99BD-F8B4F6A52B92}"
EndProject
Global
	GlobalSection(SolutionConfigurationPlatforms) = preSolution
		Debug|Any CPU = Debug|Any CPU
		Release|Any CPU = Release|Any CPU
	EndGlobalSection
	GlobalSection(ProjectConfigurationPlatforms) = postSolution
		{AB78ABA9-A59D-449C-99BD-F8B4F6A52B92}.Debug|Any CPU.ActiveCfg = Debug|Any CPU
		{AB78ABA9-A59D-449C-99BD-F8B4F6A52B92}.Debug|Any CPU.Build.0 = Debug|Any CPU
		{AB78ABA9-A59D-449C-99BD-F8B4F6A52B92}.Release|Any CPU.ActiveCfg = Release|Any CPU
		{AB78ABA9-A59D-449C-99BD-F8B4F6A52B92}.Release|Any CPU.Build.0 = Release|Any CPU
	EndGlobalSection
	GlobalSection(SolutionProperties) = preSolution
		HideSolutionNode = FALSE
	EndGlobalSection
	GlobalSection(ExtensibilityGlobals) = postSolution
		SolutionGuid = {D6B655DD-F994-4CE1-95D7-003AFFBE2AE8}
	EndGlobalSection
EndGlobal
