
Microsoft Visual Studio Solution File, Format Version 12.00
# Visual Studio 15
VisualStudioVersion = 15.0.28010.2050
MinimumVisualStudioVersion = 10.0.40219.1
Project("{FAE04EC0-301F-11D3-BF4B-00C04F79EFBC}") = "MichalKalina_Zadanie_Domowe_Lab4", "MichalKalina_Zadanie_Domowe_Lab4\MichalKalina_Zadanie_Domowe_Lab4.csproj", "{C0AC0419-14A9-47D3-9084-2D0F0150BF15}"
EndProject
Global
	GlobalSection(SolutionConfigurationPlatforms) = preSolution
		Debug|Any CPU = Debug|Any CPU
		Release|Any CPU = Release|Any CPU
	EndGlobalSection
	GlobalSection(ProjectConfigurationPlatforms) = postSolution
		{C0AC0419-14A9-47D3-9084-2D0F0150BF15}.Debug|Any CPU.ActiveCfg = Debug|Any CPU
		{C0AC0419-14A9-47D3-9084-2D0F0150BF15}.Debug|Any CPU.Build.0 = Debug|Any CPU
		{C0AC0419-14A9-47D3-9084-2D0F0150BF15}.Release|Any CPU.ActiveCfg = Release|Any CPU
		{C0AC0419-14A9-47D3-9084-2D0F0150BF15}.Release|Any CPU.Build.0 = Release|Any CPU
	EndGlobalSection
	GlobalSection(SolutionProperties) = preSolution
		HideSolutionNode = FALSE
	EndGlobalSection
	GlobalSection(ExtensibilityGlobals) = postSolution
		SolutionGuid = {0C3D60CC-98BD-4CA0-BE00-DA12F52AB29F}
	EndGlobalSection
EndGlobal
