
Microsoft Visual Studio Solution File, Format Version 12.00
# Visual Studio 15
VisualStudioVersion = 15.0.28010.2050
MinimumVisualStudioVersion = 10.0.40219.1
Project("{FAE04EC0-301F-11D3-BF4B-00C04F79EFBC}") = "MICHAŁ_KALINA_LAB3", "MICHAŁ_KALINA_LAB3\MICHAŁ_KALINA_LAB3.csproj", "{D594811A-3958-4FDE-8866-B735065E9BB4}"
EndProject
Global
	GlobalSection(SolutionConfigurationPlatforms) = preSolution
		Debug|Any CPU = Debug|Any CPU
		Release|Any CPU = Release|Any CPU
	EndGlobalSection
	GlobalSection(ProjectConfigurationPlatforms) = postSolution
		{D594811A-3958-4FDE-8866-B735065E9BB4}.Debug|Any CPU.ActiveCfg = Debug|Any CPU
		{D594811A-3958-4FDE-8866-B735065E9BB4}.Debug|Any CPU.Build.0 = Debug|Any CPU
		{D594811A-3958-4FDE-8866-B735065E9BB4}.Release|Any CPU.ActiveCfg = Release|Any CPU
		{D594811A-3958-4FDE-8866-B735065E9BB4}.Release|Any CPU.Build.0 = Release|Any CPU
	EndGlobalSection
	GlobalSection(SolutionProperties) = preSolution
		HideSolutionNode = FALSE
	EndGlobalSection
	GlobalSection(ExtensibilityGlobals) = postSolution
		SolutionGuid = {A23CE5F4-65A1-4246-B17B-2DE7A9C06BF3}
	EndGlobalSection
EndGlobal
